
Microsoft Visual Studio Solution File, Format Version 12.00
# Visual Studio 15
Project("{FAE04EC0-301F-11D3-BF4B-00C04F79EFBC}") = "dreyever", "dreyever.csproj", "{1772FC89-96C0-9D08-9CA5-D0DE8C5D9595}"
EndProject
Project("{FAE04EC0-301F-11D3-BF4B-00C04F79EFBC}") = "dreyever.Editor", "dreyever.Editor.csproj", "{07F87E74-3C55-F6FD-8E4B-865794FF511B}"
EndProject
Global
	GlobalSection(SolutionConfigurationPlatforms) = preSolution
		Debug|Any CPU = Debug|Any CPU
		Release|Any CPU = Release|Any CPU
	EndGlobalSection
	GlobalSection(ProjectConfigurationPlatforms) = postSolution
		{1772FC89-96C0-9D08-9CA5-D0DE8C5D9595}.Debug|Any CPU.ActiveCfg = Debug|Any CPU
		{1772FC89-96C0-9D08-9CA5-D0DE8C5D9595}.Debug|Any CPU.Build.0 = Debug|Any CPU
		{1772FC89-96C0-9D08-9CA5-D0DE8C5D9595}.Release|Any CPU.ActiveCfg = Release|Any CPU
		{1772FC89-96C0-9D08-9CA5-D0DE8C5D9595}.Release|Any CPU.Build.0 = Release|Any CPU
		{07F87E74-3C55-F6FD-8E4B-865794FF511B}.Debug|Any CPU.ActiveCfg = Debug|Any CPU
		{07F87E74-3C55-F6FD-8E4B-865794FF511B}.Debug|Any CPU.Build.0 = Debug|Any CPU
		{07F87E74-3C55-F6FD-8E4B-865794FF511B}.Release|Any CPU.ActiveCfg = Release|Any CPU
		{07F87E74-3C55-F6FD-8E4B-865794FF511B}.Release|Any CPU.Build.0 = Release|Any CPU
	EndGlobalSection
	GlobalSection(SolutionProperties) = preSolution
		HideSolutionNode = FALSE
	EndGlobalSection
EndGlobal
